Microsoft Visual Studio Solution File, Format Version 12.00
# Visual Studio 15
VisualStudioVersion = 15.0.28307.168
MinimumVisualStudioVersion = 10.0.40219.1
Project("{FAE04EC0-301F-11D3-BF4B-00C04F79EFBC}") = "NxMBodyProblemCUDA", "src\NxMBodyProblemCUDA.csproj", "{A8DCBE9E-183D-4C75-9A0C-4D22C3144694}"
EndProject
Global
	GlobalSection(SolutionConfigurationPlatforms) = preSolution
		Debug|Any CPU = Debug|Any CPU
		Release|Any CPU = Release|Any CPU
	EndGlobalSection
	GlobalSection(ProjectConfigurationPlatforms) = postSolution
		{A8DCBE9E-183D-4C75-9A0C-4D22C3144694}.Debug|Any CPU.ActiveCfg = Debug|Any CPU
		{A8DCBE9E-183D-4C75-9A0C-4D22C3144694}.Debug|Any CPU.Build.0 = Debug|Any CPU
		{A8DCBE9E-183D-4C75-9A0C-4D22C3144694}.Release|Any CPU.ActiveCfg = Release|Any CPU
		{A8DCBE9E-183D-4C75-9A0C-4D22C3144694}.Release|Any CPU.Build.0 = Release|Any CPU
	EndGlobalSection
	GlobalSection(SolutionProperties) = preSolution
		HideSolutionNode = FALSE
	EndGlobalSection
	GlobalSection(ExtensibilityGlobals) = postSolution
		SolutionGuid = {A93E5818-942C-4F45-929D-B1A514519329}
	EndGlobalSection
EndGlobal
